
Microsoft Visual Studio Solution File, Format Version 12.00
# Visual Studio 15
VisualStudioVersion = 15.0.27130.2010
MinimumVisualStudioVersion = 10.0.40219.1
Project("{FAE04EC0-301F-11D3-BF4B-00C04F79EFBC}") = "PurchaseOrders", "PurchaseOrders\PurchaseOrders.csproj", "{3CC026F6-560F-49AE-9A3A-9CF2BEA8F353}"
EndProject
Global
	GlobalSection(SolutionConfigurationPlatforms) = preSolution
		Debug|Any CPU = Debug|Any CPU
		Release|Any CPU = Release|Any CPU
	EndGlobalSection
	GlobalSection(ProjectConfigurationPlatforms) = postSolution
		{3CC026F6-560F-49AE-9A3A-9CF2BEA8F353}.Debug|Any CPU.ActiveCfg = Debug|Any CPU
		{3CC026F6-560F-49AE-9A3A-9CF2BEA8F353}.Debug|Any CPU.Build.0 = Debug|Any CPU
		{3CC026F6-560F-49AE-9A3A-9CF2BEA8F353}.Release|Any CPU.ActiveCfg = Release|Any CPU
		{3CC026F6-560F-49AE-9A3A-9CF2BEA8F353}.Release|Any CPU.Build.0 = Release|Any CPU
	EndGlobalSection
	GlobalSection(SolutionProperties) = preSolution
		HideSolutionNode = FALSE
	EndGlobalSection
	GlobalSection(ExtensibilityGlobals) = postSolution
		SolutionGuid = {A1206A81-97DD-4F87-AC2E-389CC9B6C42B}
	EndGlobalSection
EndGlobal
